
Microsoft Visual Studio Solution File, Format Version 12.00
# Visual Studio Version 17
VisualStudioVersion = 17.14.36127.28
MinimumVisualStudioVersion = 10.0.40219.1
Project("{2150E333-8FDC-42A3-9474-1A3956D46DE8}") = "gateway", "gateway", "{02EA681E-C7D8-13C7-8484-4AC65E1B71E8}"
EndProject
Project("{2150E333-8FDC-42A3-9474-1A3956D46DE8}") = "services", "services", "{EDCDFCDF-3F18-41AB-B43D-AFB194304727}"
EndProject
Project("{2150E333-8FDC-42A3-9474-1A3956D46DE8}") = "comic-service", "comic-service", "{AF74FA1B-F5C2-484E-AD9C-CD4CB11C0F58}"
EndProject
Project("{2150E333-8FDC-42A3-9474-1A3956D46DE8}") = "reading-service", "reading-service", "{BAB49945-0B7F-454D-BFF7-BCEC933E9179}"
EndProject
Project("{2150E333-8FDC-42A3-9474-1A3956D46DE8}") = "user-service", "user-service", "{9CDF70A7-C5BD-4559-8D4B-146492ECD272}"
EndProject
Project("{FAE04EC0-301F-11D3-BF4B-00C04F79EFBC}") = "ComicService.Api", "ComicService.Api\ComicService.Api.csproj", "{B59698C8-55F9-4806-B130-F08946288055}"
EndProject
Project("{FAE04EC0-301F-11D3-BF4B-00C04F79EFBC}") = "ComicServices.Core", "ComicService.Core\ComicServices.Core.csproj", "{9AC98098-5CC9-4382-ACF5-B5E4682799AD}"
EndProject
Project("{FAE04EC0-301F-11D3-BF4B-00C04F79EFBC}") = "ComicService.Infrastructure", "ComicService.Infrastructure\ComicService.Infrastructure.csproj", "{2FD4CF85-B4FC-4E69-A238-D2C96EAC7915}"
EndProject
Project("{FAE04EC0-301F-11D3-BF4B-00C04F79EFBC}") = "ReadingService.Api", "ReadingService.API\ReadingService.Api.csproj", "{6042FD73-69C4-4D4B-BFB3-97943C404EFF}"
EndProject
Project("{FAE04EC0-301F-11D3-BF4B-00C04F79EFBC}") = "ReadingService.Core", "ReadingService.Core\ReadingService.Core.csproj", "{FA9AE80C-CE1D-450B-B7CB-25ACE710E059}"
EndProject
Project("{FAE04EC0-301F-11D3-BF4B-00C04F79EFBC}") = "Reading.Infrastructure", "Reading.Infrastructure\Reading.Infrastructure.csproj", "{E5D50E71-420B-45AD-AC38-96624957DDA2}"
EndProject
Project("{FAE04EC0-301F-11D3-BF4B-00C04F79EFBC}") = "UserService.Api", "UserService.Api\UserService.Api.csproj", "{67B871D0-2FCE-4120-9961-1DAC62FEA01C}"
EndProject
Project("{FAE04EC0-301F-11D3-BF4B-00C04F79EFBC}") = "UserService.Core", "UserService.Core\UserService.Core.csproj", "{1091D71A-7CCE-43D2-B6D3-779E86BCDDBA}"
EndProject
Project("{FAE04EC0-301F-11D3-BF4B-00C04F79EFBC}") = "UserService.Infrastructure", "UserService.Infrastructure\UserService.Infrastructure.csproj", "{0CE204D6-2469-4B81-8D91-FD7CDC121D5E}"
EndProject
Project("{FAE04EC0-301F-11D3-BF4B-00C04F79EFBC}") = "Common", "Share\Common.csproj", "{2087ED9D-0117-41CE-A249-615BE7DFFEC0}"
EndProject
Project("{2150E333-8FDC-42A3-9474-1A3956D46DE8}") = "Shared", "Shared", "{745C8E00-F4A2-43B5-B41B-802D5CE3D1DB}"
EndProject
Global
	GlobalSection(SolutionConfigurationPlatforms) = preSolution
		Debug|Any CPU = Debug|Any CPU
		Release|Any CPU = Release|Any CPU
	EndGlobalSection
	GlobalSection(ProjectConfigurationPlatforms) = postSolution
		{B59698C8-55F9-4806-B130-F08946288055}.Debug|Any CPU.ActiveCfg = Debug|Any CPU
		{B59698C8-55F9-4806-B130-F08946288055}.Debug|Any CPU.Build.0 = Debug|Any CPU
		{B59698C8-55F9-4806-B130-F08946288055}.Release|Any CPU.ActiveCfg = Release|Any CPU
		{B59698C8-55F9-4806-B130-F08946288055}.Release|Any CPU.Build.0 = Release|Any CPU
		{9AC98098-5CC9-4382-ACF5-B5E4682799AD}.Debug|Any CPU.ActiveCfg = Debug|Any CPU
		{9AC98098-5CC9-4382-ACF5-B5E4682799AD}.Debug|Any CPU.Build.0 = Debug|Any CPU
		{9AC98098-5CC9-4382-ACF5-B5E4682799AD}.Release|Any CPU.ActiveCfg = Release|Any CPU
		{9AC98098-5CC9-4382-ACF5-B5E4682799AD}.Release|Any CPU.Build.0 = Release|Any CPU
		{2FD4CF85-B4FC-4E69-A238-D2C96EAC7915}.Debug|Any CPU.ActiveCfg = Debug|Any CPU
		{2FD4CF85-B4FC-4E69-A238-D2C96EAC7915}.Debug|Any CPU.Build.0 = Debug|Any CPU
		{2FD4CF85-B4FC-4E69-A238-D2C96EAC7915}.Release|Any CPU.ActiveCfg = Release|Any CPU
		{2FD4CF85-B4FC-4E69-A238-D2C96EAC7915}.Release|Any CPU.Build.0 = Release|Any CPU
		{6042FD73-69C4-4D4B-BFB3-97943C404EFF}.Debug|Any CPU.ActiveCfg = Debug|Any CPU
		{6042FD73-69C4-4D4B-BFB3-97943C404EFF}.Debug|Any CPU.Build.0 = Debug|Any CPU
		{6042FD73-69C4-4D4B-BFB3-97943C404EFF}.Release|Any CPU.ActiveCfg = Release|Any CPU
		{6042FD73-69C4-4D4B-BFB3-97943C404EFF}.Release|Any CPU.Build.0 = Release|Any CPU
		{FA9AE80C-CE1D-450B-B7CB-25ACE710E059}.Debug|Any CPU.ActiveCfg = Debug|Any CPU
		{FA9AE80C-CE1D-450B-B7CB-25ACE710E059}.Debug|Any CPU.Build.0 = Debug|Any CPU
		{FA9AE80C-CE1D-450B-B7CB-25ACE710E059}.Release|Any CPU.ActiveCfg = Release|Any CPU
		{FA9AE80C-CE1D-450B-B7CB-25ACE710E059}.Release|Any CPU.Build.0 = Release|Any CPU
		{E5D50E71-420B-45AD-AC38-96624957DDA2}.Debug|Any CPU.ActiveCfg = Debug|Any CPU
		{E5D50E71-420B-45AD-AC38-96624957DDA2}.Debug|Any CPU.Build.0 = Debug|Any CPU
		{E5D50E71-420B-45AD-AC38-96624957DDA2}.Release|Any CPU.ActiveCfg = Release|Any CPU
		{E5D50E71-420B-45AD-AC38-96624957DDA2}.Release|Any CPU.Build.0 = Release|Any CPU
		{67B871D0-2FCE-4120-9961-1DAC62FEA01C}.Debug|Any CPU.ActiveCfg = Debug|Any CPU
		{67B871D0-2FCE-4120-9961-1DAC62FEA01C}.Debug|Any CPU.Build.0 = Debug|Any CPU
		{67B871D0-2FCE-4120-9961-1DAC62FEA01C}.Release|Any CPU.ActiveCfg = Release|Any CPU
		{67B871D0-2FCE-4120-9961-1DAC62FEA01C}.Release|Any CPU.Build.0 = Release|Any CPU
		{1091D71A-7CCE-43D2-B6D3-779E86BCDDBA}.Debug|Any CPU.ActiveCfg = Debug|Any CPU
		{1091D71A-7CCE-43D2-B6D3-779E86BCDDBA}.Debug|Any CPU.Build.0 = Debug|Any CPU
		{1091D71A-7CCE-43D2-B6D3-779E86BCDDBA}.Release|Any CPU.ActiveCfg = Release|Any CPU
		{1091D71A-7CCE-43D2-B6D3-779E86BCDDBA}.Release|Any CPU.Build.0 = Release|Any CPU
		{0CE204D6-2469-4B81-8D91-FD7CDC121D5E}.Debug|Any CPU.ActiveCfg = Debug|Any CPU
		{0CE204D6-2469-4B81-8D91-FD7CDC121D5E}.Debug|Any CPU.Build.0 = Debug|Any CPU
		{0CE204D6-2469-4B81-8D91-FD7CDC121D5E}.Release|Any CPU.ActiveCfg = Release|Any CPU
		{0CE204D6-2469-4B81-8D91-FD7CDC121D5E}.Release|Any CPU.Build.0 = Release|Any CPU
		{2087ED9D-0117-41CE-A249-615BE7DFFEC0}.Debug|Any CPU.ActiveCfg = Debug|Any CPU
		{2087ED9D-0117-41CE-A249-615BE7DFFEC0}.Debug|Any CPU.Build.0 = Debug|Any CPU
		{2087ED9D-0117-41CE-A249-615BE7DFFEC0}.Release|Any CPU.ActiveCfg = Release|Any CPU
		{2087ED9D-0117-41CE-A249-615BE7DFFEC0}.Release|Any CPU.Build.0 = Release|Any CPU
	EndGlobalSection
	GlobalSection(SolutionProperties) = preSolution
		HideSolutionNode = FALSE
	EndGlobalSection
	GlobalSection(NestedProjects) = preSolution
		{AF74FA1B-F5C2-484E-AD9C-CD4CB11C0F58} = {EDCDFCDF-3F18-41AB-B43D-AFB194304727}
		{BAB49945-0B7F-454D-BFF7-BCEC933E9179} = {EDCDFCDF-3F18-41AB-B43D-AFB194304727}
		{9CDF70A7-C5BD-4559-8D4B-146492ECD272} = {EDCDFCDF-3F18-41AB-B43D-AFB194304727}
		{B59698C8-55F9-4806-B130-F08946288055} = {AF74FA1B-F5C2-484E-AD9C-CD4CB11C0F58}
		{9AC98098-5CC9-4382-ACF5-B5E4682799AD} = {AF74FA1B-F5C2-484E-AD9C-CD4CB11C0F58}
		{2FD4CF85-B4FC-4E69-A238-D2C96EAC7915} = {AF74FA1B-F5C2-484E-AD9C-CD4CB11C0F58}
		{6042FD73-69C4-4D4B-BFB3-97943C404EFF} = {BAB49945-0B7F-454D-BFF7-BCEC933E9179}
		{FA9AE80C-CE1D-450B-B7CB-25ACE710E059} = {BAB49945-0B7F-454D-BFF7-BCEC933E9179}
		{E5D50E71-420B-45AD-AC38-96624957DDA2} = {BAB49945-0B7F-454D-BFF7-BCEC933E9179}
		{67B871D0-2FCE-4120-9961-1DAC62FEA01C} = {9CDF70A7-C5BD-4559-8D4B-146492ECD272}
		{1091D71A-7CCE-43D2-B6D3-779E86BCDDBA} = {9CDF70A7-C5BD-4559-8D4B-146492ECD272}
		{0CE204D6-2469-4B81-8D91-FD7CDC121D5E} = {9CDF70A7-C5BD-4559-8D4B-146492ECD272}
		{2087ED9D-0117-41CE-A249-615BE7DFFEC0} = {745C8E00-F4A2-43B5-B41B-802D5CE3D1DB}
		{745C8E00-F4A2-43B5-B41B-802D5CE3D1DB} = {EDCDFCDF-3F18-41AB-B43D-AFB194304727}
	EndGlobalSection
	GlobalSection(ExtensibilityGlobals) = postSolution
		SolutionGuid = {6A764C16-8A91-4B13-BB08-04717120EBDF}
	EndGlobalSection
EndGlobal
